
Microsoft Visual Studio Solution File, Format Version 12.00
# Visual Studio Version 17
VisualStudioVersion = 17.4.33205.214
MinimumVisualStudioVersion = 10.0.40219.1
Project("{FAE04EC0-301F-11D3-BF4B-00C04F79EFBC}") = "MongoLabbODM", "MongoLabbODM\MongoLabbODM.csproj", "{1FCDD67D-9389-44BC-8529-F0CB50D7ED63}"
EndProject
Project("{FAE04EC0-301F-11D3-BF4B-00C04F79EFBC}") = "DataAccess", "DataAccess\DataAccess.csproj", "{C246CD0C-5ADD-4420-9781-1065DDD832B2}"
EndProject
Global
	GlobalSection(SolutionConfigurationPlatforms) = preSolution
		Debug|Any CPU = Debug|Any CPU
		Release|Any CPU = Release|Any CPU
	EndGlobalSection
	GlobalSection(ProjectConfigurationPlatforms) = postSolution
		{1FCDD67D-9389-44BC-8529-F0CB50D7ED63}.Debug|Any CPU.ActiveCfg = Debug|Any CPU
		{1FCDD67D-9389-44BC-8529-F0CB50D7ED63}.Debug|Any CPU.Build.0 = Debug|Any CPU
		{1FCDD67D-9389-44BC-8529-F0CB50D7ED63}.Release|Any CPU.ActiveCfg = Release|Any CPU
		{1FCDD67D-9389-44BC-8529-F0CB50D7ED63}.Release|Any CPU.Build.0 = Release|Any CPU
		{C246CD0C-5ADD-4420-9781-1065DDD832B2}.Debug|Any CPU.ActiveCfg = Debug|Any CPU
		{C246CD0C-5ADD-4420-9781-1065DDD832B2}.Debug|Any CPU.Build.0 = Debug|Any CPU
		{C246CD0C-5ADD-4420-9781-1065DDD832B2}.Release|Any CPU.ActiveCfg = Release|Any CPU
		{C246CD0C-5ADD-4420-9781-1065DDD832B2}.Release|Any CPU.Build.0 = Release|Any CPU
	EndGlobalSection
	GlobalSection(SolutionProperties) = preSolution
		HideSolutionNode = FALSE
	EndGlobalSection
	GlobalSection(ExtensibilityGlobals) = postSolution
		SolutionGuid = {9854BF76-843F-461E-8BF4-3481F9A945B0}
	EndGlobalSection
EndGlobal
